{
  "version": "2",
  "remote": {
    "https://deno.land/std@0.154.0/_deno_unstable.ts": "4ddb8672d49d58b5bbc4a5a7a2f1b3bce4fd06aa4c8b8476728334391667de7b",
    "https://deno.land/std@0.154.0/async/abortable.ts": "87aa7230be8360c24ad437212311c9e8d4328854baec27b4c7abb26e85515c06",
    "https://deno.land/std@0.154.0/async/deadline.ts": "48ac998d7564969f3e6ec6b6f9bf0217ebd00239b1b2292feba61272d5dd58d0",
    "https://deno.land/std@0.154.0/async/debounce.ts": "de5433bff08a2bb61416fc53b3bd2d5867090c8a815465e5b4a10a77495b1051",
    "https://deno.land/std@0.154.0/async/deferred.ts": "c01de44b9192359cebd3fe93273fcebf9e95110bf3360023917da9a2d1489fae",
    "https://deno.land/std@0.154.0/async/delay.ts": "d5a169caede8e1c5d46b3f25eab97db5fd1ab193fc82a53bafd3642ac42ca3c7",
    "https://deno.land/std@0.154.0/async/mod.ts": "dd0a8ed4f3984ffabe2fcca7c9f466b7932d57b1864ffee148a5d5388316db6b",
    "https://deno.land/std@0.154.0/async/mux_async_iterator.ts": "3447b28a2a582224a3d4d3596bccbba6e85040da3b97ed64012f7decce98d093",
    "https://deno.land/std@0.154.0/async/pool.ts": "ef9eb97b388543acbf0ac32647121e4dbe629236899586c4d4311a8770fbb239",
    "https://deno.land/std@0.154.0/async/tee.ts": "d27680d911816fcb3d231e16d690e7588079e66a9b2e5ce8cc354db94fdce95f",
    "https://deno.land/std@0.154.0/http/server.ts": "e2e16f0b124ffef022ad04797d4250d6e4fc0d9579780999091949b17789dd1a",
    "https://deno.land/std@0.155.0/_util/assert.ts": "e94f2eb37cebd7f199952e242c77654e43333c1ac4c5c700e929ea3aa5489f74",
    "https://deno.land/std@0.155.0/_util/os.ts": "3b4c6e27febd119d36a416d7a97bd3b0251b77c88942c8f16ee5953ea13e2e49",
    "https://deno.land/std@0.155.0/async/abortable.ts": "87aa7230be8360c24ad437212311c9e8d4328854baec27b4c7abb26e85515c06",
    "https://deno.land/std@0.155.0/async/deadline.ts": "48ac998d7564969f3e6ec6b6f9bf0217ebd00239b1b2292feba61272d5dd58d0",
    "https://deno.land/std@0.155.0/async/debounce.ts": "de5433bff08a2bb61416fc53b3bd2d5867090c8a815465e5b4a10a77495b1051",
    "https://deno.land/std@0.155.0/async/deferred.ts": "c01de44b9192359cebd3fe93273fcebf9e95110bf3360023917da9a2d1489fae",
    "https://deno.land/std@0.155.0/async/delay.ts": "0419dfc993752849692d1f9647edf13407c7facc3509b099381be99ffbc9d699",
    "https://deno.land/std@0.155.0/async/mod.ts": "dd0a8ed4f3984ffabe2fcca7c9f466b7932d57b1864ffee148a5d5388316db6b",
    "https://deno.land/std@0.155.0/async/mux_async_iterator.ts": "3447b28a2a582224a3d4d3596bccbba6e85040da3b97ed64012f7decce98d093",
    "https://deno.land/std@0.155.0/async/pool.ts": "ef9eb97b388543acbf0ac32647121e4dbe629236899586c4d4311a8770fbb239",
    "https://deno.land/std@0.155.0/async/tee.ts": "d27680d911816fcb3d231e16d690e7588079e66a9b2e5ce8cc354db94fdce95f",
    "https://deno.land/std@0.155.0/bytes/equals.ts": "3c3558c3ae85526f84510aa2b48ab2ad7bdd899e2e0f5b7a8ffc85acb3a6043a",
    "https://deno.land/std@0.155.0/bytes/mod.ts": "763f97d33051cc3f28af1a688dfe2830841192a9fea0cbaa55f927b49d49d0bf",
    "https://deno.land/std@0.155.0/encoding/base64.ts": "c57868ca7fa2fbe919f57f88a623ad34e3d970d675bdc1ff3a9d02bba7409db2",
    "https://deno.land/std@0.155.0/fmt/colors.ts": "ff7dc9c9f33a72bd48bc24b21bbc1b4545d8494a431f17894dbc5fe92a938fc4",
    "https://deno.land/std@0.155.0/fs/_util.ts": "fdc156f897197f261a1c096dcf8ff9267ed0ff42bd5b31f55053a4763a4bae3b",
    "https://deno.land/std@0.155.0/fs/ensure_dir.ts": "76395fc1c989ca8d2de3aedfa8240eb8f5225cde20f926de957995b063135b80",
    "https://deno.land/std@0.155.0/http/server.ts": "e2e16f0b124ffef022ad04797d4250d6e4fc0d9579780999091949b17789dd1a",
    "https://deno.land/std@0.155.0/path/_constants.ts": "df1db3ffa6dd6d1252cc9617e5d72165cd2483df90e93833e13580687b6083c3",
    "https://deno.land/std@0.155.0/path/_interface.ts": "ee3b431a336b80cf445441109d089b70d87d5e248f4f90ff906820889ecf8d09",
    "https://deno.land/std@0.155.0/path/_util.ts": "d16be2a16e1204b65f9d0dfc54a9bc472cafe5f4a190b3c8471ec2016ccd1677",
    "https://deno.land/std@0.155.0/path/common.ts": "bee563630abd2d97f99d83c96c2fa0cca7cee103e8cb4e7699ec4d5db7bd2633",
    "https://deno.land/std@0.155.0/path/glob.ts": "cb5255638de1048973c3e69e420c77dc04f75755524cb3b2e160fe9277d939ee",
    "https://deno.land/std@0.155.0/path/mod.ts": "56fec03ad0ebd61b6ab39ddb9b0ddb4c4a5c9f2f4f632e09dd37ec9ebfd722ac",
    "https://deno.land/std@0.155.0/path/posix.ts": "c1f7afe274290ea0b51da07ee205653b2964bd74909a82deb07b69a6cc383aaa",
    "https://deno.land/std@0.155.0/path/separator.ts": "fe1816cb765a8068afb3e8f13ad272351c85cbc739af56dacfc7d93d710fe0f9",
    "https://deno.land/std@0.155.0/path/win32.ts": "bd7549042e37879c68ff2f8576a25950abbfca1d696d41d82c7bca0b7e6f452c",
    "https://deno.land/std@0.170.0/_util/asserts.ts": "d0844e9b62510f89ce1f9878b046f6a57bf88f208a10304aab50efcb48365272",
    "https://deno.land/std@0.170.0/_util/os.ts": "8a33345f74990e627b9dfe2de9b040004b08ea5146c7c9e8fe9a29070d193934",
    "https://deno.land/std@0.170.0/async/abortable.ts": "80b2ac399f142cc528f95a037a7d0e653296352d95c681e284533765961de409",
    "https://deno.land/std@0.170.0/async/deadline.ts": "2c2deb53c7c28ca1dda7a3ad81e70508b1ebc25db52559de6b8636c9278fd41f",
    "https://deno.land/std@0.170.0/async/debounce.ts": "60301ffb37e730cd2d6f9dadfd0ecb2a38857681bd7aaf6b0a106b06e5210a98",
    "https://deno.land/std@0.170.0/async/deferred.ts": "77d3f84255c3627f1cc88699d8472b664d7635990d5358c4351623e098e917d6",
    "https://deno.land/std@0.170.0/async/delay.ts": "5a9bfba8de38840308a7a33786a0155a7f6c1f7a859558ddcec5fe06e16daf57",
    "https://deno.land/std@0.170.0/async/mod.ts": "7809ad4bb223e40f5fdc043e5c7ca04e0e25eed35c32c3c32e28697c553fa6d9",
    "https://deno.land/std@0.170.0/async/mux_async_iterator.ts": "770a0ff26c59f8bbbda6b703a2235f04e379f73238e8d66a087edc68c2a2c35f",
    "https://deno.land/std@0.170.0/async/pool.ts": "6854d8cd675a74c73391c82005cbbe4cc58183bddcd1fbbd7c2bcda42b61cf69",
    "https://deno.land/std@0.170.0/async/retry.ts": "e8e5173623915bbc0ddc537698fa418cf875456c347eda1ed453528645b42e67",
    "https://deno.land/std@0.170.0/async/tee.ts": "3a47cc4e9a940904fd4341f0224907e199121c80b831faa5ec2b054c6d2eff5e",
    "https://deno.land/std@0.170.0/bytes/bytes_list.ts": "aba5e2369e77d426b10af1de0dcc4531acecec27f9b9056f4f7bfbf8ac147ab4",
    "https://deno.land/std@0.170.0/bytes/concat.ts": "97a1274e117510ffffc9499c4debb9541e408732bab2e0ca624869ae13103c10",
    "https://deno.land/std@0.170.0/bytes/copy.ts": "d14a58f188a997ee0d2ba696d0c82a42f4fb4b6705e90a4238b77d7644dae24c",
    "https://deno.land/std@0.170.0/bytes/ends_with.ts": "2c2fb38453fbb5d9bc25672a47b77a428b31ad2423fb11805bbabc465b04ba38",
    "https://deno.land/std@0.170.0/bytes/equals.ts": "6a94c7398266a7007d4f92c27f8c5d5e22185c4f929b86db3af74b38130dc81c",
    "https://deno.land/std@0.170.0/bytes/includes_needle.ts": "9f2ace55dcb2046bf4020757b4d79008d85eae8c2a1159234bd82742b84e5594",
    "https://deno.land/std@0.170.0/bytes/index_of_needle.ts": "19db73583cf6e038ca7763dd9fe9b9f2733ffa8be530d7b42f52bc9f3c2ee989",
    "https://deno.land/std@0.170.0/bytes/last_index_of_needle.ts": "f04b06659a4271c275319f4768961b52511ff790c29561d50e6e237120d6c8a3",
    "https://deno.land/std@0.170.0/bytes/mod.ts": "b28cbc115fe56759332f169d8d31a7783dde9714139d773b6c492b58323979d8",
    "https://deno.land/std@0.170.0/bytes/repeat.ts": "2af81068e5d93153087811d01345b846256ddf58d89926fd51759218d7d3dc84",
    "https://deno.land/std@0.170.0/bytes/starts_with.ts": "7bed6a38cc2b89e78a63e1f57c95714cac6fc930422779c22fd16fec382ff4b1",
    "https://deno.land/std@0.170.0/encoding/base64.ts": "8605e018e49211efc767686f6f687827d7f5fd5217163e981d8d693105640d7a",
    "https://deno.land/std@0.170.0/fmt/colors.ts": "03ad95e543d2808bc43c17a3dd29d25b43d0f16287fe562a0be89bf632454a12",
    "https://deno.land/std@0.170.0/fs/_util.ts": "fdc156f897197f261a1c096dcf8ff9267ed0ff42bd5b31f55053a4763a4bae3b",
    "https://deno.land/std@0.170.0/fs/ensure_dir.ts": "5e9e3d7da7fc5b5e391e6d9ccead17086d76e82fb46ccc7cc9b9ee3491bab6e0",
    "https://deno.land/std@0.170.0/http/server.ts": "1b93c76cd415d7b6ad0ae36c17ccb9149b23f4dff018f7d5aa1ab5c36637eb45",
    "https://deno.land/std@0.170.0/path/_constants.ts": "df1db3ffa6dd6d1252cc9617e5d72165cd2483df90e93833e13580687b6083c3",
    "https://deno.land/std@0.170.0/path/_interface.ts": "ee3b431a336b80cf445441109d089b70d87d5e248f4f90ff906820889ecf8d09",
    "https://deno.land/std@0.170.0/path/_util.ts": "d16be2a16e1204b65f9d0dfc54a9bc472cafe5f4a190b3c8471ec2016ccd1677",
    "https://deno.land/std@0.170.0/path/common.ts": "bee563630abd2d97f99d83c96c2fa0cca7cee103e8cb4e7699ec4d5db7bd2633",
    "https://deno.land/std@0.170.0/path/glob.ts": "81cc6c72be002cd546c7a22d1f263f82f63f37fe0035d9726aa96fc8f6e4afa1",
    "https://deno.land/std@0.170.0/path/mod.ts": "cf7cec7ac11b7048bb66af8ae03513e66595c279c65cfa12bfc07d9599608b78",
    "https://deno.land/std@0.170.0/path/posix.ts": "b859684bc4d80edfd4cad0a82371b50c716330bed51143d6dcdbe59e6278b30c",
    "https://deno.land/std@0.170.0/path/separator.ts": "fe1816cb765a8068afb3e8f13ad272351c85cbc739af56dacfc7d93d710fe0f9",
    "https://deno.land/std@0.170.0/path/win32.ts": "7cebd2bda6657371adc00061a1d23fdd87bcdf64b4843bb148b0b24c11b40f69",
    "https://deno.land/std@0.175.0/_util/asserts.ts": "178dfc49a464aee693a7e285567b3d0b555dc805ff490505a8aae34f9cfb1462",
    "https://deno.land/std@0.175.0/_util/os.ts": "d932f56d41e4f6a6093d56044e29ce637f8dcc43c5a90af43504a889cf1775e3",
    "https://deno.land/std@0.175.0/fs/_util.ts": "65381f341af1ff7f40198cee15c20f59951ac26e51ddc651c5293e24f9ce6f32",
    "https://deno.land/std@0.175.0/fs/expand_glob.ts": "45d17e89796a24bd6002e4354eda67b4301bb8ba67d2cac8453cdabccf1d9ab0",
    "https://deno.land/std@0.175.0/fs/walk.ts": "ea95ffa6500c1eda6b365be488c056edc7c883a1db41ef46ec3bf057b1c0fe32",
    "https://deno.land/std@0.175.0/path/_constants.ts": "e49961f6f4f48039c0dfed3c3f93e963ca3d92791c9d478ac5b43183413136e0",
    "https://deno.land/std@0.175.0/path/_interface.ts": "6471159dfbbc357e03882c2266d21ef9afdb1e4aa771b0545e90db58a0ba314b",
    "https://deno.land/std@0.175.0/path/_util.ts": "d7abb1e0dea065f427b89156e28cdeb32b045870acdf865833ba808a73b576d0",
    "https://deno.land/std@0.175.0/path/common.ts": "ee7505ab01fd22de3963b64e46cff31f40de34f9f8de1fff6a1bd2fe79380000",
    "https://deno.land/std@0.175.0/path/glob.ts": "d479e0a695621c94d3fd7fe7abd4f9499caf32a8de13f25073451c6ef420a4e1",
    "https://deno.land/std@0.175.0/path/mod.ts": "4b83694ac500d7d31b0cdafc927080a53dc0c3027eb2895790fb155082b0d232",
    "https://deno.land/std@0.175.0/path/posix.ts": "8b7c67ac338714b30c816079303d0285dd24af6b284f7ad63da5b27372a2c94d",
    "https://deno.land/std@0.175.0/path/separator.ts": "0fb679739d0d1d7bf45b68dacfb4ec7563597a902edbaf3c59b50d5bcadd93b1",
    "https://deno.land/std@0.175.0/path/win32.ts": "d186344e5583bcbf8b18af416d13d82b35a317116e6460a5a3953508c3de5bba",
    "https://deno.land/std@0.177.0/_util/asserts.ts": "178dfc49a464aee693a7e285567b3d0b555dc805ff490505a8aae34f9cfb1462",
    "https://deno.land/std@0.177.0/_util/os.ts": "d932f56d41e4f6a6093d56044e29ce637f8dcc43c5a90af43504a889cf1775e3",
    "https://deno.land/std@0.177.0/async/abortable.ts": "73acfb3ed7261ce0d930dbe89e43db8d34e017b063cf0eaa7d215477bf53442e",
    "https://deno.land/std@0.177.0/async/deadline.ts": "c5facb0b404eede83e38bd2717ea8ab34faa2ffb20ef87fd261fcba32ba307aa",
    "https://deno.land/std@0.177.0/async/debounce.ts": "adab11d04ca38d699444ac8a9d9856b4155e8dda2afd07ce78276c01ea5a4332",
    "https://deno.land/std@0.177.0/async/deferred.ts": "42790112f36a75a57db4a96d33974a936deb7b04d25c6084a9fa8a49f135def8",
    "https://deno.land/std@0.177.0/async/delay.ts": "73aa04cec034c84fc748c7be49bb15cac3dd43a57174bfdb7a4aec22c248f0dd",
    "https://deno.land/std@0.177.0/async/mod.ts": "f04344fa21738e5ad6bea37a6bfffd57c617c2d372bb9f9dcfd118a1b622e576",
    "https://deno.land/std@0.177.0/async/mux_async_iterator.ts": "70c7f2ee4e9466161350473ad61cac0b9f115cff4c552eaa7ef9d50c4cbb4cc9",
    "https://deno.land/std@0.177.0/async/pool.ts": "fd082bd4aaf26445909889435a5c74334c017847842ec035739b4ae637ae8260",
    "https://deno.land/std@0.177.0/async/retry.ts": "5efa3ba450ac0c07a40a82e2df296287b5013755d232049efd7ea2244f15b20f",
    "https://deno.land/std@0.177.0/async/tee.ts": "47e42d35f622650b02234d43803d0383a89eb4387e1b83b5a40106d18ae36757",
    "https://deno.land/std@0.177.0/collections/_utils.ts": "5114abc026ddef71207a79609b984614e66a63a4bda17d819d56b0e72c51527e",
    "https://deno.land/std@0.177.0/collections/deep_merge.ts": "5a8ed29030f4471a5272785c57c3455fa79697b9a8f306013a8feae12bafc99a",
    "https://deno.land/std@0.177.0/crypto/_fnv/fnv32.ts": "e4649dfdefc5c987ed53c3c25db62db771a06d9d1b9c36d2b5cf0853b8e82153",
    "https://deno.land/std@0.177.0/crypto/_fnv/fnv64.ts": "bfa0e4702061fdb490a14e6bf5f9168a22fb022b307c5723499469bfefca555e",
    "https://deno.land/std@0.177.0/crypto/_fnv/index.ts": "169c213eb75de2d6738c1ed66a8e5782bd222b70b187cc4e7fb7b73edfcf0927",
    "https://deno.land/std@0.177.0/crypto/_fnv/util.ts": "accba12bfd80a352e32a872f87df2a195e75561f1b1304a4cb4f5a4648d288f9",
    "https://deno.land/std@0.177.0/crypto/_util.ts": "0522d1466e3c92df84cea94da85dbb7bd93e629dacb2aa5b39cab432ab7cb3d6",
    "https://deno.land/std@0.177.0/crypto/_wasm/lib/deno_std_wasm_crypto.generated.mjs": "5dedb7f9aa05f0e18ed017691c58df5f4686e4cbbd70368c6f896e5cca03f2b4",
    "https://deno.land/std@0.177.0/crypto/_wasm/mod.ts": "e2df88236fc061eac7a89e8cb0b97843f5280b08b2a990e473b7397a3e566003",
    "https://deno.land/std@0.177.0/crypto/crypto.ts": "d5ce53784ab7b1348095389426a7ea98536223fb143812ecb50724a0aa1ec657",
    "https://deno.land/std@0.177.0/crypto/keystack.ts": "877ab0f19eb7d37ad6495190d3c3e39f58e9c52e0b6a966f82fd6df67ca55f90",
    "https://deno.land/std@0.177.0/crypto/mod.ts": "885738e710868202d7328305b0c0c134e36a2d9c98ceab9513ea2442863c00eb",
    "https://deno.land/std@0.177.0/crypto/timing_safe_equal.ts": "8d69ab611c67fe51b6127d97fcfb4d8e7d0e1b6b4f3e0cc4ab86744c3691f965",
    "https://deno.land/std@0.177.0/crypto/to_hash_string.ts": "fe4e95239d7afb617f469bc2f76ff20f888ddb8d1385e0d92276f6e4d5a809d1",
    "https://deno.land/std@0.177.0/encoding/base64.ts": "7de04c2f8aeeb41453b09b186480be90f2ff357613b988e99fabb91d2eeceba1",
    "https://deno.land/std@0.177.0/encoding/base64url.ts": "3f1178f6446834457b16bfde8b559c1cd3481727fe384d3385e4a9995dc2d851",
    "https://deno.land/std@0.177.0/encoding/hex.ts": "50f8c95b52eae24395d3dfcb5ec1ced37c5fe7610ef6fffdcc8b0fdc38e3b32f",
    "https://deno.land/std@0.177.0/flags/mod.ts": "d1cdefa18472ef69858a17df5cf7c98445ed27ac10e1460183081303b0ebc270",
    "https://deno.land/std@0.177.0/fmt/colors.ts": "938c5d44d889fb82eff6c358bea8baa7e85950a16c9f6dae3ec3a7a729164471",
    "https://deno.land/std@0.177.0/http/file_server.ts": "86d624c0c908a4a377090668ee872cf5c064245da71b3e8f8f7df888cac869d5",
    "https://deno.land/std@0.177.0/http/http_status.ts": "8a7bcfe3ac025199ad804075385e57f63d055b2aed539d943ccc277616d6f932",
    "https://deno.land/std@0.177.0/http/server.ts": "cbb17b594651215ba95c01a395700684e569c165a567e4e04bba327f41197433",
    "https://deno.land/std@0.177.0/http/util.ts": "36c0b60c031f9e2ba024353ed11693f76c714551f9e766b36cdaacda54f25a21",
    "https://deno.land/std@0.177.0/media_types/_db.ts": "7606d83e31f23ce1a7968cbaee852810c2cf477903a095696cdc62eaab7ce570",
    "https://deno.land/std@0.177.0/media_types/_util.ts": "916efbd30b6148a716f110e67a4db29d6949bf4048997b754415dd7e42c52378",
    "https://deno.land/std@0.177.0/media_types/content_type.ts": "c682589a0aeb016bfed355cc1ed6fbb3ead2ea48fc0000ac5de6a5730613ad1c",
    "https://deno.land/std@0.177.0/media_types/format_media_type.ts": "1e35e16562e5c417401ffc388a9f8f421f97f0ee06259cbe990c51bae4e6c7a8",
    "https://deno.land/std@0.177.0/media_types/get_charset.ts": "8be15a1fd31a545736b91ace56d0e4c66ea0d7b3fdc5c90760e8202e7b4b1fad",
    "https://deno.land/std@0.177.0/media_types/parse_media_type.ts": "bed260d868ea271445ae41d748e7afed9b5a7f407d2777ead08cecf73e9278de",
    "https://deno.land/std@0.177.0/media_types/type_by_extension.ts": "6076a7fc63181d70f92ec582fdea2c927eb2cfc7f9c9bee9d6add2aca86f2355",
    "https://deno.land/std@0.177.0/media_types/vendor/mime-db.v1.52.0.ts": "6925bbcae81ca37241e3f55908d0505724358cda3384eaea707773b2c7e99586",
    "https://deno.land/std@0.177.0/path/_constants.ts": "e49961f6f4f48039c0dfed3c3f93e963ca3d92791c9d478ac5b43183413136e0",
    "https://deno.land/std@0.177.0/path/_interface.ts": "6471159dfbbc357e03882c2266d21ef9afdb1e4aa771b0545e90db58a0ba314b",
    "https://deno.land/std@0.177.0/path/_util.ts": "d7abb1e0dea065f427b89156e28cdeb32b045870acdf865833ba808a73b576d0",
    "https://deno.land/std@0.177.0/path/common.ts": "ee7505ab01fd22de3963b64e46cff31f40de34f9f8de1fff6a1bd2fe79380000",
    "https://deno.land/std@0.177.0/path/glob.ts": "d479e0a695621c94d3fd7fe7abd4f9499caf32a8de13f25073451c6ef420a4e1",
    "https://deno.land/std@0.177.0/path/mod.ts": "4b83694ac500d7d31b0cdafc927080a53dc0c3027eb2895790fb155082b0d232",
    "https://deno.land/std@0.177.0/path/posix.ts": "8b7c67ac338714b30c816079303d0285dd24af6b284f7ad63da5b27372a2c94d",
    "https://deno.land/std@0.177.0/path/separator.ts": "0fb679739d0d1d7bf45b68dacfb4ec7563597a902edbaf3c59b50d5bcadd93b1",
    "https://deno.land/std@0.177.0/path/win32.ts": "d186344e5583bcbf8b18af416d13d82b35a317116e6460a5a3953508c3de5bba",
    "https://deno.land/std@0.177.0/version.ts": "259c8866ec257c3511b437baa95205a86761abaef852a9b2199072accb2ef046",
    "https://deno.land/x/aleph@1.0.0-beta.21/runtime/core/error.ts": "f9c0bce80c7fbefb0a5b983ce4e61699b9a71b85af2cd52fddecae00e5b23390",
    "https://deno.land/x/aleph@1.0.0-beta.21/runtime/core/routes.ts": "8e86e8b22b5f897ec170eca40c6d2940b46c43b9ee2959cecfd7246f335e9ae1",
    "https://deno.land/x/aleph@1.0.0-beta.21/runtime/core/url_pattern.ts": "ffe78dc4ca17d62339ad4af966c8e3c886fea05ec68a01b92cd945197376eb8c",
    "https://deno.land/x/aleph@1.0.0-beta.21/server/build.ts": "4e6ba64c20b6d323e3cecb60318a18c2ca19c5640ea30fb3d96394c60eb5ac92",
    "https://deno.land/x/aleph@1.0.0-beta.21/server/cache.ts": "a57e9361f2d7f24c6c41ed7a912fa3ce0d509bde69c954176493bdc30cd1e1ad",
    "https://deno.land/x/aleph@1.0.0-beta.21/server/context.ts": "ae6a8528a170b4ce9bc41511af1c354dfd4f382a2ac22d73697afa3b9e02e109",
    "https://deno.land/x/aleph@1.0.0-beta.21/server/deps.ts": "a0a40f6d679b0583bd829a48ac8b010b0f18a3ec0a415e582c7d6d06b0aba9c0",
    "https://deno.land/x/aleph@1.0.0-beta.21/server/dev.ts": "a78cc29b5a8570a5df0dc02c7bf6aff68e1c55141eb05208867b2fa7e9b5129e",
    "https://deno.land/x/aleph@1.0.0-beta.21/server/graph.ts": "15ca091aab1e06bef77508ce50c6010fe4e8d41653fba9529f9116657173d607",
    "https://deno.land/x/aleph@1.0.0-beta.21/server/helpers.ts": "aefdf3acfbd11e44ad56ba829b2e94b2680598f66479250ef565833f9b776dbc",
    "https://deno.land/x/aleph@1.0.0-beta.21/server/html.ts": "b00c1997f5cc04ea10e02dc54d0a51e9b0730af8309bdc9ea43a444f39f5e892",
    "https://deno.land/x/aleph@1.0.0-beta.21/server/log.ts": "cac83cdc563338bcef4a665608cdac75e5b8cdf0084f40ac2e3c920b8a6e6b29",
    "https://deno.land/x/aleph@1.0.0-beta.21/server/media_type.ts": "7469f33e474c97c8d7919cd1b81171edd0e41774007f952cc1e10c775246dc09",
    "https://deno.land/x/aleph@1.0.0-beta.21/server/mod.ts": "b1e11a2bba14855a0ba94c28ab73c7c3fc4c8ace422bbd5ed08797068f3a4a87",
    "https://deno.land/x/aleph@1.0.0-beta.21/server/renderer.ts": "809f3b67420ed8764a5fbe72ef32271744588c4ff5a6444c6a1b9e1d8e4489e7",
    "https://deno.land/x/aleph@1.0.0-beta.21/server/routing.ts": "030a5ba713870edc98794575dd2690be76b961a8571a33b625ddb8dde4d9d176",
    "https://deno.land/x/aleph@1.0.0-beta.21/server/session.ts": "706fa74f6affa0af0daa61cf812b9a959d25629c8efd3d572e6afb7549e2a9d7",
    "https://deno.land/x/aleph@1.0.0-beta.21/server/transformer.ts": "70e3b60ea704e6f50f76802e8a21abefa8939bbf6709d98131d80ac7224cc800",
    "https://deno.land/x/aleph@1.0.0-beta.21/server/types.ts": "5795f221e82c5be6c922a389b01bb800799d723f2221158cf7358a769cfdc163",
    "https://deno.land/x/aleph@1.0.0-beta.21/shared/util.ts": "3eda4196db47f2965eb94dd6d58ac3db27f4e39278511cbfae8e26b96a47c9e6",
    "https://deno.land/x/aleph@1.0.0-beta.21/version.ts": "e6d66099514cf926cca4c0fc62b5a98a60cd7deb3f9c7990c3a02efa7a62c34a",
    "https://deno.land/x/aleph_compiler@0.8.2/dist/compiler.js": "480bffcaf2348a9a33d8d3862fa627c60adb6610926b60b6f990673571bb2c7a",
    "https://deno.land/x/aleph_compiler@0.8.2/dist/wasm.js": "f1f81ee912266ad86f79c28428b4446f534ab7ad7e8f660ae746db6dac3dc03a",
    "https://deno.land/x/aleph_compiler@0.8.2/mod.ts": "d4f0d8a28b49942c3f27c7c3d95238dc3fdba5d4c20f201aa627217db6e0cf8a",
    "https://deno.land/x/aleph_compiler@0.8.2/types.ts": "87db4105bc3f5b76a6f5ffccf8ada8005e184fefa28b58bd5952cc41c86ecdc9",
    "https://deno.land/x/aleph_compiler@0.8.2/version.ts": "427762880da366bac23481bd06209ef860b97c8be1815dd550fd8fbc7a8afd9e",
    "https://deno.land/x/aleph_compiler@0.8.4/dist/compiler.js": "2b2253fc41d59b450b4936d2e44462cc39215b9113143d8dcadcbc64d4994cd4",
    "https://deno.land/x/aleph_compiler@0.8.4/dist/wasm.js": "7413f9ca904af190bb7fdb9ec373691ffd4f5fbb784f9818c61c8d799c861263",
    "https://deno.land/x/aleph_compiler@0.8.4/mod.ts": "3eb55d5e6db47727d2be351a1420c59bb573a56198bfad30fac2995273b8d737",
    "https://deno.land/x/aleph_compiler@0.8.4/types.ts": "a2439491a0a96951954f31b74be25f34d9b7124215bd81bb2a30dd032dbc20f5",
    "https://deno.land/x/aleph_compiler@0.8.4/version.ts": "ec5a09691787c97ae2e5db73f911a5dfe53c50bb2481ae2204d868f257c53e64",
    "https://deno.land/x/denoflate@1.2.1/mod.ts": "f5628e44b80b3d80ed525afa2ba0f12408e3849db817d47a883b801f9ce69dd6",
    "https://deno.land/x/denoflate@1.2.1/pkg/denoflate.js": "b9f9ad9457d3f12f28b1fb35c555f57443427f74decb403113d67364e4f2caf4",
    "https://deno.land/x/denoflate@1.2.1/pkg/denoflate_bg.wasm.js": "d581956245407a2115a3d7e8d85a9641c032940a8e810acbd59ca86afd34d44d",
    "https://deno.land/x/esbuild@v0.15.10/mod.d.ts": "12e96a8d05c8e2c5638aa9cb09f24222134d437abb2f3f52de0156adb2270719",
    "https://deno.land/x/esbuild@v0.15.10/mod.js": "b6076f05f58057025ce0eddb404a4da3b7a0e3768c53f6c87959c8c32240e9cd",
    "https://deno.land/x/esbuild@v0.15.16/mod.d.ts": "cc87f4ff5a9f137d8fc0d886a7f033dd5289506effb7d1d18d8c098ee6abca37",
    "https://deno.land/x/esbuild@v0.15.16/mod.js": "ea6e965ce00e183774d9e64ed6910ab8cc6d33717a295ab22a510f0f8ce8ae27",
    "https://deno.land/x/jsonc_parser@v0.0.1/src/jsonc.ts": "cb14bdf3b0a7fcd2129b3b2a21d7943096781b7ca6f82781c180c006a35a9599",
    "https://deno.land/x/lol_html@0.0.4/mod.js": "1dbe7fb491bc1bc75561a7fccfd3d2e9b2c66d2eb625be535eb49c9374ea6839",
    "https://deno.land/x/lol_html@0.0.4/types.d.ts": "497047e6ac12eb3122987d31e0a6ed154303bc708b53a772c606ee1b40630427",
    "https://deno.land/x/lol_html@0.0.4/wasm.js": "e5a8ff4f97770c00f484b7a12abc52fdf039b189d6d8a7f98da9119c140b6dce",
    "https://deno.land/x/lol_html@0.0.6/lol_html.js": "efa396ae3506f40d81af8917b2a04c955550f738774e5ba5e3d2f9b10bb3bd02",
    "https://deno.land/x/lol_html@0.0.6/mod.ts": "308001155134d2b3d65f55d25eada007c88aa01b5c4866ac02c59953c83563f2",
    "https://deno.land/x/lol_html@0.0.6/types.d.ts": "bf06e1f27f776389334d001992d1e3efe3a335b4688e2c3ca39e307d2ae11cc4",
    "https://deno.land/x/lol_html@0.0.6/wasm.js": "74a2424ff8f77439c465e5bcac6a347095c3b3580e76211ce4a6c140a2e15c3f",
    "https://deno.land/x/lz4@v0.1.2/mod.ts": "4decfc1a3569d03fd1813bd39128b71c8f082850fe98ecfdde20025772916582",
    "https://deno.land/x/lz4@v0.1.2/wasm.js": "b9c65605327ba273f0c76a6dc596ec534d4cda0f0225d7a94ebc606782319e46",
    "https://esm.sh/@unocss/core@0.45.29": "f2f5ab5d62c4d140371f6a05589d36542a9f1d2bb7f8a6d0a0bc5830f88c9f3f",
    "https://esm.sh/@unocss/core@0.47.4": "2cc1b4b59e8746f46899311bb8c1c1d6fda5c52c1425f6e3b81ee689b616b3fb",
    "https://esm.sh/@unocss/preset-uno@0.47.4": "c186e4b331e6b12974828746e82ba5459983310ad85c5e3a35c9ca373c1f20d6",
    "https://esm.sh/mitt@3.0.0": "e1cc22d2e24960488f7aa226a2eebf02fa60ea80e71675d740fa55df9daaf6ac",
    "https://esm.sh/v106/@antfu/utils@0.5.2/index.d.ts": "b55dd2eb5ced2eec9fbac96be6fe8d5c30cb9fd875fd47f711882c7e3c2a857d",
    "https://esm.sh/v106/@unocss/core@0.45.29/deno/core.js": "cde6fd757b6c5aaa1ec189af1d6a01c7f3c574d32f757353128454d772d679d3",
    "https://esm.sh/v106/@unocss/core@0.45.29/dist/index.d.ts": "c4a9b46e919911327170aa991e7e86a1f4a672b6809a9210e8e4845eb60a5de6",
    "https://esm.sh/v106/@unocss/core@0.47.4/deno/core.js": "1f3e5a527e87de085a30a5307555cb8f03388be4f5f4f446be211f71078acd8b",
    "https://esm.sh/v106/@unocss/core@0.47.4/dist/index.d.ts": "1b6382e65a2c033499a74f1ed597cdd2dcec702fcf8f4c3fd5ad232d750c21dc",
    "https://esm.sh/v106/@unocss/preset-mini@0.47.4/deno/preset-mini.js": "52e0ea8824f8012399a5911c784e7d8d18d6523ecf81b70055fae189963e7ecd",
    "https://esm.sh/v106/@unocss/preset-mini@0.47.4/deno/rules.js": "eca99eb360b56bb4f82565fb44cbac4a87bab9c95bdd3c53e49c2020722fc5e5",
    "https://esm.sh/v106/@unocss/preset-mini@0.47.4/deno/theme.js": "ff3ed8802f82891b516b71c24bc59bdb57b12918161df80e58344ee6ad6feffd",
    "https://esm.sh/v106/@unocss/preset-mini@0.47.4/deno/utils.js": "686d60d7dc2d151e5b22534dbac450fb8aa62c9ac120c0540ed1e3093c144063",
    "https://esm.sh/v106/@unocss/preset-mini@0.47.4/deno/variants.js": "82413d899bc6fe6ea57430eec703035afedc2a331d923709f0537995c7569778",
    "https://esm.sh/v106/@unocss/preset-mini@0.47.4/dist/colors-884ab3c4.d.ts": "735cb58b05a56d6143a62225d3c00dc7f172528244e8086e44b2a7ddf99116e1",
    "https://esm.sh/v106/@unocss/preset-mini@0.47.4/dist/default-21cad915.d.ts": "883bb53561289d1d3ae90a0bcae517504b02c76f99eac7e980ca1d4264f02b6c",
    "https://esm.sh/v106/@unocss/preset-mini@0.47.4/dist/index.d.ts": "0af457587f6b946b868c3b02c8a0fa5d1983ba865d1f425335a050f9df2b1c2b",
    "https://esm.sh/v106/@unocss/preset-mini@0.47.4/dist/types-3bfb4dc5.d.ts": "f5c1c23670937017eecde23b38c347904e206f7bc50d00f56a2d2324ba12fbb7",
    "https://esm.sh/v106/@unocss/preset-mini@0.47.4/dist/utilities-10273596.d.ts": "640b96501ddc4259a1c90dd54d999d6318b7665fb6f442ee563aa2718855a912",
    "https://esm.sh/v106/@unocss/preset-uno@0.47.4/deno/preset-uno.js": "14d479fd13ab99eeaa0f8d697378f2f1ab1ef785410235d2d834865f17a1ca42",
    "https://esm.sh/v106/@unocss/preset-uno@0.47.4/dist/index.d.ts": "1a68a3ba565f4c5fffea1f377e30e864da2614a69eeb5ad21ab96996dec229bf",
    "https://esm.sh/v106/@unocss/preset-wind@0.47.4/deno/preset-wind.js": "8ddcbd672104f93c4a4bf5f21486932787b36a7e6005d8fc58c16a3767546b4c",
    "https://esm.sh/v106/magic-string@0.27.0/index.d.ts": "6511a35c6a756bf3fe384aca1312f0753fc366cfe432714c98eb1a5561741ad8",
    "https://esm.sh/v106/mitt@3.0.0/deno/mitt.js": "9b4650567425ecde1e13e78d177c421d64d12f24748937573036a74567f66964",
    "https://esm.sh/v106/mitt@3.0.0/index.d.ts": "d078b49194156918c4adfe4f0e2da2f2d5bfb0fe92539c9437d453a2fe68dd01",
    "https://esm.sh/v106/unconfig@0.3.7/dist/index.d.ts": "a3213705a86e44de6d74c27b1abe4b67dc2b4bd4857e62846f6ff4853ffd058e",
    "https://esm.sh/v106/unconfig@0.3.7/dist/types-6886c41e.d.ts": "3b8e7dd9ef7beea62b47979c2c775236f6e9dc3c2884555319bfffe110a81c3b",
    "https://raw.githubusercontent.com/alephjs/aleph.js/main/runtime/core/error.ts": "65b0dfaef2e8a77f857fdb6b953c4306d88af01690615bd8fb1a3570e336b255",
    "https://raw.githubusercontent.com/alephjs/aleph.js/main/runtime/core/routes.ts": "8e86e8b22b5f897ec170eca40c6d2940b46c43b9ee2959cecfd7246f335e9ae1",
    "https://raw.githubusercontent.com/alephjs/aleph.js/main/runtime/core/url_pattern.ts": "ffe78dc4ca17d62339ad4af966c8e3c886fea05ec68a01b92cd945197376eb8c",
    "https://raw.githubusercontent.com/alephjs/aleph.js/main/server/build.ts": "9b60b72490969ae48f153725323227dad70cfe2a9365e11a41750d8807f16608",
    "https://raw.githubusercontent.com/alephjs/aleph.js/main/server/cache.ts": "a57e9361f2d7f24c6c41ed7a912fa3ce0d509bde69c954176493bdc30cd1e1ad",
    "https://raw.githubusercontent.com/alephjs/aleph.js/main/server/context.ts": "ae6a8528a170b4ce9bc41511af1c354dfd4f382a2ac22d73697afa3b9e02e109",
    "https://raw.githubusercontent.com/alephjs/aleph.js/main/server/deps.ts": "02c3edd8b4e0ea1c7b07b371ccb91ca60a115950d56f54060ca2ff206f286504",
    "https://raw.githubusercontent.com/alephjs/aleph.js/main/server/dev.ts": "10c3da2a7048aefada66eb2ed325f867d24d876bad8d157367792088501d35da",
    "https://raw.githubusercontent.com/alephjs/aleph.js/main/server/graph.ts": "15ca091aab1e06bef77508ce50c6010fe4e8d41653fba9529f9116657173d607",
    "https://raw.githubusercontent.com/alephjs/aleph.js/main/server/helpers.ts": "6803a069dd27d0a688eea1ba7d693233ebf4a49ff5eeee9b916c32420ec0d9f6",
    "https://raw.githubusercontent.com/alephjs/aleph.js/main/server/html.ts": "aebf72d52c505aa5d5754a4f574933fc32988e49f7ee42c9308bf6ce595a662a",
    "https://raw.githubusercontent.com/alephjs/aleph.js/main/server/log.ts": "8a00b59545db66f46c9d1b95a928cf477a6bf86d3563eb08b0eb6f8957379db0",
    "https://raw.githubusercontent.com/alephjs/aleph.js/main/server/media_type.ts": "7469f33e474c97c8d7919cd1b81171edd0e41774007f952cc1e10c775246dc09",
    "https://raw.githubusercontent.com/alephjs/aleph.js/main/server/mod.ts": "3ebe752834c934c361ace39c46e0bf78f95b76011a3e8b66a1edc74a513708e7",
    "https://raw.githubusercontent.com/alephjs/aleph.js/main/server/renderer.ts": "5989bee6e24f192c7166559791ca8ceb98bd1e635a7e37d4d6ccd6225cc1e79d",
    "https://raw.githubusercontent.com/alephjs/aleph.js/main/server/routing.ts": "a26007b92aa4fdd12c9f0c2a09f45afc8453336b42dc4c570471b8ca6db42cdb",
    "https://raw.githubusercontent.com/alephjs/aleph.js/main/server/session.ts": "706fa74f6affa0af0daa61cf812b9a959d25629c8efd3d572e6afb7549e2a9d7",
    "https://raw.githubusercontent.com/alephjs/aleph.js/main/server/transformer.ts": "a7e6138d459015a5ca28b9457cb57a5d9e4f7e83e957bcba09960e49d492ded1",
    "https://raw.githubusercontent.com/alephjs/aleph.js/main/server/types.ts": "c2c72fb0a13ea52b884e30adcf6b69720f96a3d54a9e523efd4993445cd243d6",
    "https://raw.githubusercontent.com/alephjs/aleph.js/main/shared/util.ts": "3eda4196db47f2965eb94dd6d58ac3db27f4e39278511cbfae8e26b96a47c9e6",
    "https://raw.githubusercontent.com/alephjs/aleph.js/main/version.ts": "e6d66099514cf926cca4c0fc62b5a98a60cd7deb3f9c7990c3a02efa7a62c34a"
  }
}
